// !$*UTF8*$!
{
	archiveVersion = 1;
	classes = {
	};
	objectVersion = 50;
	objects = {

/* Begin PBXBuildFile section */
		3324218123049A4D009AB1C4 /* AppDelegate.swift in Sources */ = {isa = PBXBuildFile; fileRef = 3324218023049A4D009AB1C4 /* AppDelegate.swift */; };
		3324218623049A4D009AB1C4 /* Main.storyboard in Resources */ = {isa = PBXBuildFile; fileRef = 3324218423049A4D009AB1C4 /* Main.storyboard */; };
		3324218923049A4D009AB1C4 /* MovieDBViper.xcdatamodeld in Sources */ = {isa = PBXBuildFile; fileRef = 3324218723049A4D009AB1C4 /* MovieDBViper.xcdatamodeld */; };
		3324218B23049A4E009AB1C4 /* Assets.xcassets in Resources */ = {isa = PBXBuildFile; fileRef = 3324218A23049A4E009AB1C4 /* Assets.xcassets */; };
		3324218E23049A4E009AB1C4 /* LaunchScreen.storyboard in Resources */ = {isa = PBXBuildFile; fileRef = 3324218C23049A4E009AB1C4 /* LaunchScreen.storyboard */; };
		332421A223049AF8009AB1C4 /* MovieMainPresenter.swift in Sources */ = {isa = PBXBuildFile; fileRef = 3324219B23049AF8009AB1C4 /* MovieMainPresenter.swift */; };
		332421A323049AF8009AB1C4 /* MovieMainRouter.swift in Sources */ = {isa = PBXBuildFile; fileRef = 3324219C23049AF8009AB1C4 /* MovieMainRouter.swift */; };
		332421A423049AF8009AB1C4 /* MovieMainContracts.swift in Sources */ = {isa = PBXBuildFile; fileRef = 3324219D23049AF8009AB1C4 /* MovieMainContracts.swift */; };
		332421A523049AF8009AB1C4 /* MovieMainInteractor.swift in Sources */ = {isa = PBXBuildFile; fileRef = 3324219E23049AF8009AB1C4 /* MovieMainInteractor.swift */; };
		332421A623049AF8009AB1C4 /* MovieMainView.swift in Sources */ = {isa = PBXBuildFile; fileRef = 3324219F23049AF8009AB1C4 /* MovieMainView.swift */; };
		332421A723049AF8009AB1C4 /* MovieMainEntity.swift in Sources */ = {isa = PBXBuildFile; fileRef = 332421A023049AF8009AB1C4 /* MovieMainEntity.swift */; };
		332421AF23049E04009AB1C4 /* BaseViewProtocol.swift in Sources */ = {isa = PBXBuildFile; fileRef = 332421AE23049E04009AB1C4 /* BaseViewProtocol.swift */; };
		333D65E62305FA8900BE1407 /* NowPlayingTableViewCell.swift in Sources */ = {isa = PBXBuildFile; fileRef = 333D65E52305FA8900BE1407 /* NowPlayingTableViewCell.swift */; };
/* End PBXBuildFile section */

/* Begin PBXFileReference section */
		3324217D23049A4D009AB1C4 /* MovieDBViper.app */ = {isa = PBXFileReference; explicitFileType = wrapper.application; includeInIndex = 0; path = MovieDBViper.app; sourceTree = BUILT_PRODUCTS_DIR; };
		3324218023049A4D009AB1C4 /* AppDelegate.swift */ = {isa = PBXFileReference; lastKnownFileType = sourcecode.swift; path = AppDelegate.swift; sourceTree = "<group>"; };
		3324218523049A4D009AB1C4 /* Base */ = {isa = PBXFileReference; lastKnownFileType = file.storyboard; name = Base; path = Base.lproj/Main.storyboard; sourceTree = "<group>"; };
		3324218823049A4D009AB1C4 /* MovieDBViper.xcdatamodel */ = {isa = PBXFileReference; lastKnownFileType = wrapper.xcdatamodel; path = MovieDBViper.xcdatamodel; sourceTree = "<group>"; };
		3324218A23049A4E009AB1C4 /* Assets.xcassets */ = {isa = PBXFileReference; lastKnownFileType = folder.assetcatalog; path = Assets.xcassets; sourceTree = "<group>"; };
		3324218D23049A4E009AB1C4 /* Base */ = {isa = PBXFileReference; lastKnownFileType = file.storyboard; name = Base; path = Base.lproj/LaunchScreen.storyboard; sourceTree = "<group>"; };
		3324218F23049A4E009AB1C4 /* Info.plist */ = {isa = PBXFileReference; lastKnownFileType = text.plist.xml; path = Info.plist; sourceTree = "<group>"; };
		3324219B23049AF8009AB1C4 /* MovieMainPresenter.swift */ = {isa = PBXFileReference; lastKnownFileType = sourcecode.swift; path = MovieMainPresenter.swift; sourceTree = "<group>"; };
		3324219C23049AF8009AB1C4 /* MovieMainRouter.swift */ = {isa = PBXFileReference; lastKnownFileType = sourcecode.swift; path = MovieMainRouter.swift; sourceTree = "<group>"; };
		3324219D23049AF8009AB1C4 /* MovieMainContracts.swift */ = {isa = PBXFileReference; lastKnownFileType = sourcecode.swift; path = MovieMainContracts.swift; sourceTree = "<group>"; };
		3324219E23049AF8009AB1C4 /* MovieMainInteractor.swift */ = {isa = PBXFileReference; lastKnownFileType = sourcecode.swift; path = MovieMainInteractor.swift; sourceTree = "<group>"; };
		3324219F23049AF8009AB1C4 /* MovieMainView.swift */ = {isa = PBXFileReference; lastKnownFileType = sourcecode.swift; path = MovieMainView.swift; sourceTree = "<group>"; };
		332421A023049AF8009AB1C4 /* MovieMainEntity.swift */ = {isa = PBXFileReference; lastKnownFileType = sourcecode.swift; path = MovieMainEntity.swift; sourceTree = "<group>"; };
		332421AE23049E04009AB1C4 /* BaseViewProtocol.swift */ = {isa = PBXFileReference; lastKnownFileType = sourcecode.swift; path = BaseViewProtocol.swift; sourceTree = "<group>"; };
		333D65E52305FA8900BE1407 /* NowPlayingTableViewCell.swift */ = {isa = PBXFileReference; lastKnownFileType = sourcecode.swift; path = NowPlayingTableViewCell.swift; sourceTree = "<group>"; };
/* End PBXFileReference section */

/* Begin PBXFrameworksBuildPhase section */
		3324217A23049A4D009AB1C4 /* Frameworks */ = {
			isa = PBXFrameworksBuildPhase;
			buildActionMask = 2147483647;
			files = (
			);
			runOnlyForDeploymentPostprocessing = 0;
		};
/* End PBXFrameworksBuildPhase section */

/* Begin PBXGroup section */
		3324217423049A4D009AB1C4 = {
			isa = PBXGroup;
			children = (
				3324217F23049A4D009AB1C4 /* MovieDBViper */,
				3324217E23049A4D009AB1C4 /* Products */,
			);
			sourceTree = "<group>";
		};
		3324217E23049A4D009AB1C4 /* Products */ = {
			isa = PBXGroup;
			children = (
				3324217D23049A4D009AB1C4 /* MovieDBViper.app */,
			);
			name = Products;
			sourceTree = "<group>";
		};
		3324217F23049A4D009AB1C4 /* MovieDBViper */ = {
			isa = PBXGroup;
			children = (
				332421AE23049E04009AB1C4 /* BaseViewProtocol.swift */,
				3324219523049A90009AB1C4 /* MovieMain */,
				3324218023049A4D009AB1C4 /* AppDelegate.swift */,
				3324218423049A4D009AB1C4 /* Main.storyboard */,
				3324218A23049A4E009AB1C4 /* Assets.xcassets */,
				3324218C23049A4E009AB1C4 /* LaunchScreen.storyboard */,
				3324218F23049A4E009AB1C4 /* Info.plist */,
				3324218723049A4D009AB1C4 /* MovieDBViper.xcdatamodeld */,
			);
			path = MovieDBViper;
			sourceTree = "<group>";
		};
		3324219523049A90009AB1C4 /* MovieMain */ = {
			isa = PBXGroup;
			children = (
				332421A823049B17009AB1C4 /* View */,
				332421AC23049D37009AB1C4 /* Interactor */,
				332421A923049B23009AB1C4 /* Presenter */,
				332421AD23049D4C009AB1C4 /* Entity */,
				332421AA23049B59009AB1C4 /* Router */,
				3324219923049AD4009AB1C4 /* Protocol */,
			);
			path = MovieMain;
			sourceTree = "<group>";
		};
		3324219923049AD4009AB1C4 /* Protocol */ = {
			isa = PBXGroup;
			children = (
				3324219D23049AF8009AB1C4 /* MovieMainContracts.swift */,
			);
			path = Protocol;
			sourceTree = "<group>";
		};
		332421A823049B17009AB1C4 /* View */ = {
			isa = PBXGroup;
			children = (
				3324219F23049AF8009AB1C4 /* MovieMainView.swift */,
				333D65E52305FA8900BE1407 /* NowPlayingTableViewCell.swift */,
			);
			path = View;
			sourceTree = "<group>";
		};
		332421A923049B23009AB1C4 /* Presenter */ = {
			isa = PBXGroup;
			children = (
				3324219B23049AF8009AB1C4 /* MovieMainPresenter.swift */,
			);
			path = Presenter;
			sourceTree = "<group>";
		};
		332421AA23049B59009AB1C4 /* Router */ = {
			isa = PBXGroup;
			children = (
				3324219C23049AF8009AB1C4 /* MovieMainRouter.swift */,
			);
			path = Router;
			sourceTree = "<group>";
		};
		332421AC23049D37009AB1C4 /* Interactor */ = {
			isa = PBXGroup;
			children = (
				3324219E23049AF8009AB1C4 /* MovieMainInteractor.swift */,
			);
			path = Interactor;
			sourceTree = "<group>";
		};
		332421AD23049D4C009AB1C4 /* Entity */ = {
			isa = PBXGroup;
			children = (
				332421A023049AF8009AB1C4 /* MovieMainEntity.swift */,
			);
			path = Entity;
			sourceTree = "<group>";
		};
/* End PBXGroup section */

/* Begin PBXNativeTarget section */
		3324217C23049A4D009AB1C4 /* MovieDBViper */ = {
			isa = PBXNativeTarget;
			buildConfigurationList = 3324219223049A4E009AB1C4 /* Build configuration list for PBXNativeTarget "MovieDBViper" */;
			buildPhases = (
				3324217923049A4D009AB1C4 /* Sources */,
				3324217A23049A4D009AB1C4 /* Frameworks */,
				3324217B23049A4D009AB1C4 /* Resources */,
			);
			buildRules = (
			);
			dependencies = (
			);
			name = MovieDBViper;
			productName = MovieDBViper;
			productReference = 3324217D23049A4D009AB1C4 /* MovieDBViper.app */;
			productType = "com.apple.product-type.application";
		};
/* End PBXNativeTarget section */

/* Begin PBXProject section */
		3324217523049A4D009AB1C4 /* Project object */ = {
			isa = PBXProject;
			attributes = {
				LastSwiftUpdateCheck = 1030;
				LastUpgradeCheck = 1030;
				ORGANIZATIONNAME = Pedro;
				TargetAttributes = {
					3324217C23049A4D009AB1C4 = {
						CreatedOnToolsVersion = 10.3;
					};
				};
			};
			buildConfigurationList = 3324217823049A4D009AB1C4 /* Build configuration list for PBXProject "MovieDBViper" */;
			compatibilityVersion = "Xcode 9.3";
			developmentRegion = en;
			hasScannedForEncodings = 0;
			knownRegions = (
				en,
				Base,
			);
			mainGroup = 3324217423049A4D009AB1C4;
			productRefGroup = 3324217E23049A4D009AB1C4 /* Products */;
			projectDirPath = "";
			projectRoot = "";
			targets = (
				3324217C23049A4D009AB1C4 /* MovieDBViper */,
			);
		};
/* End PBXProject section */

/* Begin PBXResourcesBuildPhase section */
		3324217B23049A4D009AB1C4 /* Resources */ = {
			isa = PBXResourcesBuildPhase;
			buildActionMask = 2147483647;
			files = (
				3324218E23049A4E009AB1C4 /* LaunchScreen.storyboard in Resources */,
				3324218B23049A4E009AB1C4 /* Assets.xcassets in Resources */,
				3324218623049A4D009AB1C4 /* Main.storyboard in Resources */,
			);
			runOnlyForDeploymentPostprocessing = 0;
		};
/* End PBXResourcesBuildPhase section */

/* Begin PBXSourcesBuildPhase section */
		3324217923049A4D009AB1C4 /* Sources */ = {
			isa = PBXSourcesBuildPhase;
			buildActionMask = 2147483647;
			files = (
				3324218923049A4D009AB1C4 /* MovieDBViper.xcdatamodeld in Sources */,
				332421A723049AF8009AB1C4 /* MovieMainEntity.swift in Sources */,
				332421AF23049E04009AB1C4 /* BaseViewProtocol.swift in Sources */,
				332421A423049AF8009AB1C4 /* MovieMainContracts.swift in Sources */,
				332421A323049AF8009AB1C4 /* MovieMainRouter.swift in Sources */,
				332421A623049AF8009AB1C4 /* MovieMainView.swift in Sources */,
				3324218123049A4D009AB1C4 /* AppDelegate.swift in Sources */,
				333D65E62305FA8900BE1407 /* NowPlayingTableViewCell.swift in Sources */,
				332421A223049AF8009AB1C4 /* MovieMainPresenter.swift in Sources */,
				332421A523049AF8009AB1C4 /* MovieMainInteractor.swift in Sources */,
			);
			runOnlyForDeploymentPostprocessing = 0;
		};
/* End PBXSourcesBuildPhase section */

/* Begin PBXVariantGroup section */
		3324218423049A4D009AB1C4 /* Main.storyboard */ = {
			isa = PBXVariantGroup;
			children = (
				3324218523049A4D009AB1C4 /* Base */,
			);
			name = Main.storyboard;
			sourceTree = "<group>";
		};
		3324218C23049A4E009AB1C4 /* LaunchScreen.storyboard */ = {
			isa = PBXVariantGroup;
			children = (
				3324218D23049A4E009AB1C4 /* Base */,
			);
			name = LaunchScreen.storyboard;
			sourceTree = "<group>";
		};
/* End PBXVariantGroup section */

/* Begin XCBuildConfiguration section */
		3324219023049A4E009AB1C4 /* Debug */ = {
			isa = XCBuildConfiguration;
			buildSettings = {
				ALWAYS_SEARCH_USER_PATHS = NO;
				CLANG_ANALYZER_NONNULL = YES;
				CLANG_ANALYZER_NUMBER_OBJECT_CONVERSION = YES_AGGRESSIVE;
				CLANG_CXX_LANGUAGE_STANDARD = "gnu++14";
				CLANG_CXX_LIBRARY = "libc++";
				CLANG_ENABLE_MODULES = YES;
				CLANG_ENABLE_OBJC_ARC = YES;
				CLANG_ENABLE_OBJC_WEAK = YES;
				CLANG_WARN_BLOCK_CAPTURE_AUTORELEASING = YES;
				CLANG_WARN_BOOL_CONVERSION = YES;
				CLANG_WARN_COMMA = YES;
				CLANG_WARN_CONSTANT_CONVERSION = YES;
				CLANG_WARN_DEPRECATED_OBJC_IMPLEMENTATIONS = YES;
				CLANG_WARN_DIRECT_OBJC_ISA_USAGE = YES_ERROR;
				CLANG_WARN_DOCUMENTATION_COMMENTS = YES;
				CLANG_WARN_EMPTY_BODY = YES;
				CLANG_WARN_ENUM_CONVERSION = YES;
				CLANG_WARN_INFINITE_RECURSION = YES;
				CLANG_WARN_INT_CONVERSION = YES;
				CLANG_WARN_NON_LITERAL_NULL_CONVERSION = YES;
				CLANG_WARN_OBJC_IMPLICIT_RETAIN_SELF = YES;
				CLANG_WARN_OBJC_LITERAL_CONVERSION = YES;
				CLANG_WARN_OBJC_ROOT_CLASS = YES_ERROR;
				CLANG_WARN_RANGE_LOOP_ANALYSIS = YES;
				CLANG_WARN_STRICT_PROTOTYPES = YES;
				CLANG_WARN_SUSPICIOUS_MOVE = YES;
				CLANG_WARN_UNGUARDED_AVAILABILITY = YES_AGGRESSIVE;
				CLANG_WARN_UNREACHABLE_CODE = YES;
				CLANG_WARN__DUPLICATE_METHOD_MATCH = YES;
				CODE_SIGN_IDENTITY = "iPhone Developer";
				COPY_PHASE_STRIP = NO;
				DEBUG_INFORMATION_FORMAT = dwarf;
				ENABLE_STRICT_OBJC_MSGSEND = YES;
				ENABLE_TESTABILITY = YES;
				GCC_C_LANGUAGE_STANDARD = gnu11;
				GCC_DYNAMIC_NO_PIC = NO;
				GCC_NO_COMMON_BLOCKS = YES;
				GCC_OPTIMIZATION_LEVEL = 0;
				GCC_PREPROCESSOR_DEFINITIONS = (
					"DEBUG=1",
					"$(inherited)",
				);
				GCC_WARN_64_TO_32_BIT_CONVERSION = YES;
				GCC_WARN_ABOUT_RETURN_TYPE = YES_ERROR;
				GCC_WARN_UNDECLARED_SELECTOR = YES;
				GCC_WARN_UNINITIALIZED_AUTOS = YES_AGGRESSIVE;
				GCC_WARN_UNUSED_FUNCTION = YES;
				GCC_WARN_UNUSED_VARIABLE = YES;
				IPHONEOS_DEPLOYMENT_TARGET = 12.4;
				MTL_ENABLE_DEBUG_INFO = INCLUDE_SOURCE;
				MTL_FAST_MATH = YES;
				ONLY_ACTIVE_ARCH = YES;
				SDKROOT = iphoneos;
				SWIFT_ACTIVE_COMPILATION_CONDITIONS = DEBUG;
				SWIFT_OPTIMIZATION_LEVEL = "-Onone";
			};
			name = Debug;
		};
		3324219123049A4E009AB1C4 /* Release */ = {
			isa = XCBuildConfiguration;
			buildSettings = {
				ALWAYS_SEARCH_USER_PATHS = NO;
				CLANG_ANALYZER_NONNULL = YES;
				CLANG_ANALYZER_NUMBER_OBJECT_CONVERSION = YES_AGGRESSIVE;
				CLANG_CXX_LANGUAGE_STANDARD = "gnu++14";
				CLANG_CXX_LIBRARY = "libc++";
				CLANG_ENABLE_MODULES = YES;
				CLANG_ENABLE_OBJC_ARC = YES;
				CLANG_ENABLE_OBJC_WEAK = YES;
				CLANG_WARN_BLOCK_CAPTURE_AUTORELEASING = YES;
				CLANG_WARN_BOOL_CONVERSION = YES;
				CLANG_WARN_COMMA = YES;
				CLANG_WARN_CONSTANT_CONVERSION = YES;
				CLANG_WARN_DEPRECATED_OBJC_IMPLEMENTATIONS = YES;
				CLANG_WARN_DIRECT_OBJC_ISA_USAGE = YES_ERROR;
				CLANG_WARN_DOCUMENTATION_COMMENTS = YES;
				CLANG_WARN_EMPTY_BODY = YES;
				CLANG_WARN_ENUM_CONVERSION = YES;
				CLANG_WARN_INFINITE_RECURSION = YES;
				CLANG_WARN_INT_CONVERSION = YES;
				CLANG_WARN_NON_LITERAL_NULL_CONVERSION = YES;
				CLANG_WARN_OBJC_IMPLICIT_RETAIN_SELF = YES;
				CLANG_WARN_OBJC_LITERAL_CONVERSION = YES;
				CLANG_WARN_OBJC_ROOT_CLASS = YES_ERROR;
				CLANG_WARN_RANGE_LOOP_ANALYSIS = YES;
				CLANG_WARN_STRICT_PROTOTYPES = YES;
				CLANG_WARN_SUSPICIOUS_MOVE = YES;
				CLANG_WARN_UNGUARDED_AVAILABILITY = YES_AGGRESSIVE;
				CLANG_WARN_UNREACHABLE_CODE = YES;
				CLANG_WARN__DUPLICATE_METHOD_MATCH = YES;
				CODE_SIGN_IDENTITY = "iPhone Developer";
				COPY_PHASE_STRIP = NO;
				DEBUG_INFORMATION_FORMAT = "dwarf-with-dsym";
				ENABLE_NS_ASSERTIONS = NO;
				ENABLE_STRICT_OBJC_MSGSEND = YES;
				GCC_C_LANGUAGE_STANDARD = gnu11;
				GCC_NO_COMMON_BLOCKS = YES;
				GCC_WARN_64_TO_32_BIT_CONVERSION = YES;
				GCC_WARN_ABOUT_RETURN_TYPE = YES_ERROR;
				GCC_WARN_UNDECLARED_SELECTOR = YES;
				GCC_WARN_UNINITIALIZED_AUTOS = YES_AGGRESSIVE;
				GCC_WARN_UNUSED_FUNCTION = YES;
				GCC_WARN_UNUSED_VARIABLE = YES;
				IPHONEOS_DEPLOYMENT_TARGET = 12.4;
				MTL_ENABLE_DEBUG_INFO = NO;
				MTL_FAST_MATH = YES;
				SDKROOT = iphoneos;
				SWIFT_COMPILATION_MODE = wholemodule;
				SWIFT_OPTIMIZATION_LEVEL = "-O";
				VALIDATE_PRODUCT = YES;
			};
			name = Release;
		};
		3324219323049A4E009AB1C4 /* Debug */ = {
			isa = XCBuildConfiguration;
			buildSettings = {
				ASSETCATALOG_COMPILER_APPICON_NAME = AppIcon;
				CODE_SIGN_STYLE = Automatic;
				DEVELOPMENT_TEAM = DZPZD745C7;
				INFOPLIST_FILE = MovieDBViper/Info.plist;
				LD_RUNPATH_SEARCH_PATHS = (
					"$(inherited)",
					"@executable_path/Frameworks",
				);
				PRODUCT_BUNDLE_IDENTIFIER = pedro.MovieDBViper;
				PRODUCT_NAME = "$(TARGET_NAME)";
				SWIFT_VERSION = 5.0;
				TARGETED_DEVICE_FAMILY = "1,2";
			};
			name = Debug;
		};
		3324219423049A4E009AB1C4 /* Release */ = {
			isa = XCBuildConfiguration;
			buildSettings = {
				ASSETCATALOG_COMPILER_APPICON_NAME = AppIcon;
				CODE_SIGN_STYLE = Automatic;
				DEVELOPMENT_TEAM = DZPZD745C7;
				INFOPLIST_FILE = MovieDBViper/Info.plist;
				LD_RUNPATH_SEARCH_PATHS = (
					"$(inherited)",
					"@executable_path/Frameworks",
				);
				PRODUCT_BUNDLE_IDENTIFIER = pedro.MovieDBViper;
				PRODUCT_NAME = "$(TARGET_NAME)";
				SWIFT_VERSION = 5.0;
				TARGETED_DEVICE_FAMILY = "1,2";
			};
			name = Release;
		};
/* End XCBuildConfiguration section */

/* Begin XCConfigurationList section */
		3324217823049A4D009AB1C4 /* Build configuration list for PBXProject "MovieDBViper" */ = {
			isa = XCConfigurationList;
			buildConfigurations = (
				3324219023049A4E009AB1C4 /* Debug */,
				3324219123049A4E009AB1C4 /* Release */,
			);
			defaultConfigurationIsVisible = 0;
			defaultConfigurationName = Release;
		};
		3324219223049A4E009AB1C4 /* Build configuration list for PBXNativeTarget "MovieDBViper" */ = {
			isa = XCConfigurationList;
			buildConfigurations = (
				3324219323049A4E009AB1C4 /* Debug */,
				3324219423049A4E009AB1C4 /* Release */,
			);
			defaultConfigurationIsVisible = 0;
			defaultConfigurationName = Release;
		};
/* End XCConfigurationList section */

/* Begin XCVersionGroup section */
		3324218723049A4D009AB1C4 /* MovieDBViper.xcdatamodeld */ = {
			isa = XCVersionGroup;
			children = (
				3324218823049A4D009AB1C4 /* MovieDBViper.xcdatamodel */,
			);
			currentVersion = 3324218823049A4D009AB1C4 /* MovieDBViper.xcdatamodel */;
			path = MovieDBViper.xcdatamodeld;
			sourceTree = "<group>";
			versionGroupType = wrapper.xcdatamodel;
		};
/* End XCVersionGroup section */
	};
	rootObject = 3324217523049A4D009AB1C4 /* Project object */;
}
